
Microsoft Visual Studio Solution File, Format Version 12.00
# Visual Studio 15
VisualStudioVersion = 15.0.28307.572
MinimumVisualStudioVersion = 10.0.40219.1
Project("{9A19103F-16F7-4668-BE54-9A1E7A4F7556}") = "XmlRepairer", "XmlRepairer\XmlRepairer.csproj", "{BA61F96B-AB4D-4CA2-8A2C-0AEC8F0D73C3}"
EndProject
Project("{9A19103F-16F7-4668-BE54-9A1E7A4F7556}") = "Benchmarking", "Benchmarking\Benchmarking.csproj", "{D51BB22B-BEA1-47F9-98B4-E86FD72336B5}"
EndProject
Project("{FAE04EC0-301F-11D3-BF4B-00C04F79EFBC}") = "XmlRepairerTests", "XmlRepairerTests\XmlRepairerTests.csproj", "{5C5E9AFB-BD6A-4926-B2DB-352EBB4E541E}"
EndProject
Global
	GlobalSection(SolutionConfigurationPlatforms) = preSolution
		Debug|Any CPU = Debug|Any CPU
		Release|Any CPU = Release|Any CPU
	EndGlobalSection
	GlobalSection(ProjectConfigurationPlatforms) = postSolution
		{BA61F96B-AB4D-4CA2-8A2C-0AEC8F0D73C3}.Debug|Any CPU.ActiveCfg = Debug|Any CPU
		{BA61F96B-AB4D-4CA2-8A2C-0AEC8F0D73C3}.Debug|Any CPU.Build.0 = Debug|Any CPU
		{BA61F96B-AB4D-4CA2-8A2C-0AEC8F0D73C3}.Release|Any CPU.ActiveCfg = Release|Any CPU
		{BA61F96B-AB4D-4CA2-8A2C-0AEC8F0D73C3}.Release|Any CPU.Build.0 = Release|Any CPU
		{D51BB22B-BEA1-47F9-98B4-E86FD72336B5}.Debug|Any CPU.ActiveCfg = Debug|Any CPU
		{D51BB22B-BEA1-47F9-98B4-E86FD72336B5}.Debug|Any CPU.Build.0 = Debug|Any CPU
		{D51BB22B-BEA1-47F9-98B4-E86FD72336B5}.Release|Any CPU.ActiveCfg = Release|Any CPU
		{D51BB22B-BEA1-47F9-98B4-E86FD72336B5}.Release|Any CPU.Build.0 = Release|Any CPU
		{5C5E9AFB-BD6A-4926-B2DB-352EBB4E541E}.Debug|Any CPU.ActiveCfg = Debug|Any CPU
		{5C5E9AFB-BD6A-4926-B2DB-352EBB4E541E}.Debug|Any CPU.Build.0 = Debug|Any CPU
		{5C5E9AFB-BD6A-4926-B2DB-352EBB4E541E}.Release|Any CPU.ActiveCfg = Release|Any CPU
		{5C5E9AFB-BD6A-4926-B2DB-352EBB4E541E}.Release|Any CPU.Build.0 = Release|Any CPU
	EndGlobalSection
	GlobalSection(SolutionProperties) = preSolution
		HideSolutionNode = FALSE
	EndGlobalSection
	GlobalSection(ExtensibilityGlobals) = postSolution
		SolutionGuid = {C05786F7-3068-4F6B-8D24-DCEE0DE17160}
	EndGlobalSection
EndGlobal
